
Microsoft Visual Studio Solution File, Format Version 12.00
# Visual Studio Version 17
VisualStudioVersion = 17.10.34928.147
MinimumVisualStudioVersion = 10.0.40219.1
Project("{FAE04EC0-301F-11D3-BF4B-00C04F79EFBC}") = "EmployeeManagement", "EmployeeManagement\EmployeeManagement.csproj", "{2ECD82D1-44B5-48E0-8B0F-C516AB70B442}"
EndProject
Project("{FAE04EC0-301F-11D3-BF4B-00C04F79EFBC}") = "EmployeeManagement.BAL", "EmployeeManagement.BAL\EmployeeManagement.BAL.csproj", "{18DEB85A-5969-4028-B4C0-93BF095625C4}"
EndProject
Project("{FAE04EC0-301F-11D3-BF4B-00C04F79EFBC}") = "EmployeeManagement.DAL", "EmployeeManagement.DAL\EmployeeManagement.DAL.csproj", "{96A75787-B9FC-43D8-876D-9C60347B7F5B}"
EndProject
Global
	GlobalSection(SolutionConfigurationPlatforms) = preSolution
		Debug|Any CPU = Debug|Any CPU
		Release|Any CPU = Release|Any CPU
	EndGlobalSection
	GlobalSection(ProjectConfigurationPlatforms) = postSolution
		{2ECD82D1-44B5-48E0-8B0F-C516AB70B442}.Debug|Any CPU.ActiveCfg = Debug|Any CPU
		{2ECD82D1-44B5-48E0-8B0F-C516AB70B442}.Debug|Any CPU.Build.0 = Debug|Any CPU
		{2ECD82D1-44B5-48E0-8B0F-C516AB70B442}.Release|Any CPU.ActiveCfg = Release|Any CPU
		{2ECD82D1-44B5-48E0-8B0F-C516AB70B442}.Release|Any CPU.Build.0 = Release|Any CPU
		{18DEB85A-5969-4028-B4C0-93BF095625C4}.Debug|Any CPU.ActiveCfg = Debug|Any CPU
		{18DEB85A-5969-4028-B4C0-93BF095625C4}.Debug|Any CPU.Build.0 = Debug|Any CPU
		{18DEB85A-5969-4028-B4C0-93BF095625C4}.Release|Any CPU.ActiveCfg = Release|Any CPU
		{18DEB85A-5969-4028-B4C0-93BF095625C4}.Release|Any CPU.Build.0 = Release|Any CPU
		{96A75787-B9FC-43D8-876D-9C60347B7F5B}.Debug|Any CPU.ActiveCfg = Debug|Any CPU
		{96A75787-B9FC-43D8-876D-9C60347B7F5B}.Debug|Any CPU.Build.0 = Debug|Any CPU
		{96A75787-B9FC-43D8-876D-9C60347B7F5B}.Release|Any CPU.ActiveCfg = Release|Any CPU
		{96A75787-B9FC-43D8-876D-9C60347B7F5B}.Release|Any CPU.Build.0 = Release|Any CPU
	EndGlobalSection
	GlobalSection(SolutionProperties) = preSolution
		HideSolutionNode = FALSE
	EndGlobalSection
	GlobalSection(ExtensibilityGlobals) = postSolution
		SolutionGuid = {5DD5BDCD-1A9A-4670-90CB-BC366D0B9466}
	EndGlobalSection
EndGlobal
